# THIS IS AN AUTOGENERATED FILE. DO NOT EDIT THIS FILE DIRECTLY.
# yarn lockfile v1


"@babel/runtime@^7.12.0":
  version "7.12.1"
  resolved "https://registry.yarnpkg.com/@babel/runtime/-/runtime-7.12.1.tgz#b4116a6b6711d010b2dad3b7b6e43bf1b9954740"
  integrity sha512-J5AIf3vPj3UwXaAzb5j1xM4WAQDX3EMgemF8rjCP3SoW09LfRKAXQKt6CoVYl230P6iWdRcBbnLDDdnqWxZSCA==
  dependencies:
    regenerator-runtime "^0.13.4"

polished@^4.0.3:
  version "4.0.3"
  resolved "https://registry.yarnpkg.com/polished/-/polished-4.0.3.tgz#e2bde249f8884bdabc6997dd3eca225ee32f7a26"
  integrity sha512-yOALHMrqcYHlHIxFkHvGX8NGsjsbSaYMZ8Z3uEElVpzF5ZgNmTgqMOh4bnSVXGC6sXjBTZCH6+GebTRWhJR4zQ==
  dependencies:
    "@babel/runtime" "^7.12.0"

regenerator-runtime@^0.13.4:
  version "0.13.7"
  resolved "https://registry.yarnpkg.com/regenerator-runtime/-/regenerator-runtime-0.13.7.tgz#cac2dacc8a1ea675feaabaeb8ae833898ae46f55"
  integrity sha512-a54FxoJDIr27pgf7IgeQGxmqUNYrcV338lf/6gH456HZ/PhX+5BcwHXG9ajESmwe6WRO0tAzRUrRmNONWgkrew==
